dependencies:
- name: elasticsearch
  repository: http://helm.elastic.co
  version: 7.5.1
- name: kibana
  repository: http://helm.elastic.co
  version: 7.5.1
- name: prometheus-operator
  repository: https://kubernetes-charts.storage.googleapis.com/
  version: 8.5.11
digest: sha256:294eb3a8b7e225e8fe25879e46d91e9bb52b410c6584adf7747779d3f762c0ee
generated: 2020-06-01T20:01:26.947484901Z
